
Microsoft Visual Studio Solution File, Format Version 12.00
# Visual Studio 2017
Project("{FAE04EC0-301F-11D3-BF4B-00C04F79EFBC}") = "2PlayerTD-master", "2PlayerTD-master.csproj", "{C743F761-7DB6-E55C-FAAA-075EA9526CE9}"
EndProject
Project("{FAE04EC0-301F-11D3-BF4B-00C04F79EFBC}") = "2PlayerTD-master.Editor", "2PlayerTD-master.Editor.csproj", "{46069D96-2669-3793-C9D6-829C7CB84169}"
EndProject
Global
	GlobalSection(SolutionConfigurationPlatforms) = preSolution
		Debug|Any CPU = Debug|Any CPU
		Release|Any CPU = Release|Any CPU
	EndGlobalSection
	GlobalSection(ProjectConfigurationPlatforms) = postSolution
		{C743F761-7DB6-E55C-FAAA-075EA9526CE9}.Debug|Any CPU.ActiveCfg = Debug|Any CPU
		{C743F761-7DB6-E55C-FAAA-075EA9526CE9}.Debug|Any CPU.Build.0 = Debug|Any CPU
		{C743F761-7DB6-E55C-FAAA-075EA9526CE9}.Release|Any CPU.ActiveCfg = Release|Any CPU
		{C743F761-7DB6-E55C-FAAA-075EA9526CE9}.Release|Any CPU.Build.0 = Release|Any CPU
		{46069D96-2669-3793-C9D6-829C7CB84169}.Debug|Any CPU.ActiveCfg = Debug|Any CPU
		{46069D96-2669-3793-C9D6-829C7CB84169}.Debug|Any CPU.Build.0 = Debug|Any CPU
		{46069D96-2669-3793-C9D6-829C7CB84169}.Release|Any CPU.ActiveCfg = Release|Any CPU
		{46069D96-2669-3793-C9D6-829C7CB84169}.Release|Any CPU.Build.0 = Release|Any CPU
	EndGlobalSection
	GlobalSection(SolutionProperties) = preSolution
		HideSolutionNode = FALSE
	EndGlobalSection
EndGlobal
