
Microsoft Visual Studio Solution File, Format Version 12.00
# Visual Studio 2017
Project("{FAE04EC0-301F-11D3-BF4B-00C04F79EFBC}") = "Battle-Buddies-VR-2.19", "Battle-Buddies-VR-2.19.csproj", "{F456153B-7603-C4E4-7C37-C2FC2E290013}"
EndProject
Project("{FAE04EC0-301F-11D3-BF4B-00C04F79EFBC}") = "Battle-Buddies-VR-2.19.Editor", "Battle-Buddies-VR-2.19.Editor.csproj", "{CD613968-A31C-5E0D-AC51-0762F61D2209}"
EndProject
Global
	GlobalSection(SolutionConfigurationPlatforms) = preSolution
		Debug|Any CPU = Debug|Any CPU
		Release|Any CPU = Release|Any CPU
	EndGlobalSection
	GlobalSection(ProjectConfigurationPlatforms) = postSolution
		{F456153B-7603-C4E4-7C37-C2FC2E290013}.Debug|Any CPU.ActiveCfg = Debug|Any CPU
		{F456153B-7603-C4E4-7C37-C2FC2E290013}.Debug|Any CPU.Build.0 = Debug|Any CPU
		{F456153B-7603-C4E4-7C37-C2FC2E290013}.Release|Any CPU.ActiveCfg = Release|Any CPU
		{F456153B-7603-C4E4-7C37-C2FC2E290013}.Release|Any CPU.Build.0 = Release|Any CPU
		{CD613968-A31C-5E0D-AC51-0762F61D2209}.Debug|Any CPU.ActiveCfg = Debug|Any CPU
		{CD613968-A31C-5E0D-AC51-0762F61D2209}.Debug|Any CPU.Build.0 = Debug|Any CPU
		{CD613968-A31C-5E0D-AC51-0762F61D2209}.Release|Any CPU.ActiveCfg = Release|Any CPU
		{CD613968-A31C-5E0D-AC51-0762F61D2209}.Release|Any CPU.Build.0 = Release|Any CPU
	EndGlobalSection
	GlobalSection(SolutionProperties) = preSolution
		HideSolutionNode = FALSE
	EndGlobalSection
EndGlobal
