
Microsoft Visual Studio Solution File, Format Version 12.00
# Visual Studio 2017
Project("{FAE04EC0-301F-11D3-BF4B-00C04F79EFBC}") = "Battle-Buddies-VR-2.29.Plugins", "Battle-Buddies-VR-2.29.Plugins.csproj", "{DB4F9D0E-5CB6-F88C-2A08-A8987A335D47}"
EndProject
Project("{FAE04EC0-301F-11D3-BF4B-00C04F79EFBC}") = "Battle-Buddies-VR-2.29", "Battle-Buddies-VR-2.29.csproj", "{A1F1FD54-854E-25E4-AA26-9297D345AF30}"
EndProject
Project("{FAE04EC0-301F-11D3-BF4B-00C04F79EFBC}") = "Battle-Buddies-VR-2.29.Editor.Plugins", "Battle-Buddies-VR-2.29.Editor.Plugins.csproj", "{7CC797F1-C012-3C4A-EF5A-5541258AD7C8}"
EndProject
Project("{FAE04EC0-301F-11D3-BF4B-00C04F79EFBC}") = "Battle-Buddies-VR-2.29.Editor", "Battle-Buddies-VR-2.29.Editor.csproj", "{C15C83C3-DB48-5AF8-8DEC-810347A97477}"
EndProject
Global
	GlobalSection(SolutionConfigurationPlatforms) = preSolution
		Debug|Any CPU = Debug|Any CPU
		Release|Any CPU = Release|Any CPU
	EndGlobalSection
	GlobalSection(ProjectConfigurationPlatforms) = postSolution
		{DB4F9D0E-5CB6-F88C-2A08-A8987A335D47}.Debug|Any CPU.ActiveCfg = Debug|Any CPU
		{DB4F9D0E-5CB6-F88C-2A08-A8987A335D47}.Debug|Any CPU.Build.0 = Debug|Any CPU
		{DB4F9D0E-5CB6-F88C-2A08-A8987A335D47}.Release|Any CPU.ActiveCfg = Release|Any CPU
		{DB4F9D0E-5CB6-F88C-2A08-A8987A335D47}.Release|Any CPU.Build.0 = Release|Any CPU
		{A1F1FD54-854E-25E4-AA26-9297D345AF30}.Debug|Any CPU.ActiveCfg = Debug|Any CPU
		{A1F1FD54-854E-25E4-AA26-9297D345AF30}.Debug|Any CPU.Build.0 = Debug|Any CPU
		{A1F1FD54-854E-25E4-AA26-9297D345AF30}.Release|Any CPU.ActiveCfg = Release|Any CPU
		{A1F1FD54-854E-25E4-AA26-9297D345AF30}.Release|Any CPU.Build.0 = Release|Any CPU
		{7CC797F1-C012-3C4A-EF5A-5541258AD7C8}.Debug|Any CPU.ActiveCfg = Debug|Any CPU
		{7CC797F1-C012-3C4A-EF5A-5541258AD7C8}.Debug|Any CPU.Build.0 = Debug|Any CPU
		{7CC797F1-C012-3C4A-EF5A-5541258AD7C8}.Release|Any CPU.ActiveCfg = Release|Any CPU
		{7CC797F1-C012-3C4A-EF5A-5541258AD7C8}.Release|Any CPU.Build.0 = Release|Any CPU
		{C15C83C3-DB48-5AF8-8DEC-810347A97477}.Debug|Any CPU.ActiveCfg = Debug|Any CPU
		{C15C83C3-DB48-5AF8-8DEC-810347A97477}.Debug|Any CPU.Build.0 = Debug|Any CPU
		{C15C83C3-DB48-5AF8-8DEC-810347A97477}.Release|Any CPU.ActiveCfg = Release|Any CPU
		{C15C83C3-DB48-5AF8-8DEC-810347A97477}.Release|Any CPU.Build.0 = Release|Any CPU
	EndGlobalSection
	GlobalSection(SolutionProperties) = preSolution
		HideSolutionNode = FALSE
	EndGlobalSection
EndGlobal
