
Microsoft Visual Studio Solution File, Format Version 12.00
# Visual Studio 2017
Project("{FAE04EC0-301F-11D3-BF4B-00C04F79EFBC}") = "VR Tower defence", "VR Tower defence.csproj", "{5C2CE474-3879-FFBA-0069-4A58178A7774}"
EndProject
Project("{FAE04EC0-301F-11D3-BF4B-00C04F79EFBC}") = "VR Tower defence.Editor", "VR Tower defence.Editor.csproj", "{32A92828-4171-2805-1663-8CA9AD596433}"
EndProject
Global
	GlobalSection(SolutionConfigurationPlatforms) = preSolution
		Debug|Any CPU = Debug|Any CPU
		Release|Any CPU = Release|Any CPU
	EndGlobalSection
	GlobalSection(ProjectConfigurationPlatforms) = postSolution
		{5C2CE474-3879-FFBA-0069-4A58178A7774}.Debug|Any CPU.ActiveCfg = Debug|Any CPU
		{5C2CE474-3879-FFBA-0069-4A58178A7774}.Debug|Any CPU.Build.0 = Debug|Any CPU
		{5C2CE474-3879-FFBA-0069-4A58178A7774}.Release|Any CPU.ActiveCfg = Release|Any CPU
		{5C2CE474-3879-FFBA-0069-4A58178A7774}.Release|Any CPU.Build.0 = Release|Any CPU
		{32A92828-4171-2805-1663-8CA9AD596433}.Debug|Any CPU.ActiveCfg = Debug|Any CPU
		{32A92828-4171-2805-1663-8CA9AD596433}.Debug|Any CPU.Build.0 = Debug|Any CPU
		{32A92828-4171-2805-1663-8CA9AD596433}.Release|Any CPU.ActiveCfg = Release|Any CPU
		{32A92828-4171-2805-1663-8CA9AD596433}.Release|Any CPU.Build.0 = Release|Any CPU
	EndGlobalSection
	GlobalSection(SolutionProperties) = preSolution
		HideSolutionNode = FALSE
	EndGlobalSection
EndGlobal
